
Microsoft Visual Studio Solution File, Format Version 12.00
# Visual Studio 2012
Project("{FAE04EC0-301F-11D3-BF4B-00C04F79EFBC}") = "HtmlTags", "HtmlTags\HtmlTags.csproj", "{F01C84F2-6E41-404C-AC8D-BF189A9EC05B}"
EndProject
Project("{FAE04EC0-301F-11D3-BF4B-00C04F79EFBC}") = "HtmlTags.Testing", "HtmlTags.Testing\HtmlTags.Testing.csproj", "{559D9267-35CA-49DE-8928-E0AE222CF04A}"
EndProject
Project("{2150E333-8FDC-42A3-9474-1A3956D46DE8}") = "Solution Items", "Solution Items", "{3FCD9D5F-200F-4FDC-A1DC-CC6474D0CCFE}"
	ProjectSection(SolutionItems) = preProject
		..\rakefile.rb = ..\rakefile.rb
		..\readme.md = ..\readme.md
		..\VERSION.txt = ..\VERSION.txt
	EndProjectSection
EndProject
Project("{FAE04EC0-301F-11D3-BF4B-00C04F79EFBC}") = "HtmlTags.Docs", "HtmlTags.Docs\HtmlTags.Docs.csproj", "{77F0DF21-94C8-4BE0-A83C-2174F32360CD}"
EndProject
Project("{FAE04EC0-301F-11D3-BF4B-00C04F79EFBC}") = "Profiler", "Profiler\Profiler.csproj", "{FEF5D486-5AD9-4FBB-9C28-BE257C6156DF}"
EndProject
Global
	GlobalSection(SolutionConfigurationPlatforms) = preSolution
		Debug|Any CPU = Debug|Any CPU
		Release|Any CPU = Release|Any CPU
	EndGlobalSection
	GlobalSection(ProjectConfigurationPlatforms) = postSolution
		{F01C84F2-6E41-404C-AC8D-BF189A9EC05B}.Debug|Any CPU.ActiveCfg = Debug|Any CPU
		{F01C84F2-6E41-404C-AC8D-BF189A9EC05B}.Debug|Any CPU.Build.0 = Debug|Any CPU
		{F01C84F2-6E41-404C-AC8D-BF189A9EC05B}.Release|Any CPU.ActiveCfg = Release|Any CPU
		{F01C84F2-6E41-404C-AC8D-BF189A9EC05B}.Release|Any CPU.Build.0 = Release|Any CPU
		{559D9267-35CA-49DE-8928-E0AE222CF04A}.Debug|Any CPU.ActiveCfg = Debug|Any CPU
		{559D9267-35CA-49DE-8928-E0AE222CF04A}.Debug|Any CPU.Build.0 = Debug|Any CPU
		{559D9267-35CA-49DE-8928-E0AE222CF04A}.Release|Any CPU.ActiveCfg = Release|Any CPU
		{559D9267-35CA-49DE-8928-E0AE222CF04A}.Release|Any CPU.Build.0 = Release|Any CPU
		{77F0DF21-94C8-4BE0-A83C-2174F32360CD}.Debug|Any CPU.ActiveCfg = Debug|Any CPU
		{77F0DF21-94C8-4BE0-A83C-2174F32360CD}.Debug|Any CPU.Build.0 = Debug|Any CPU
		{77F0DF21-94C8-4BE0-A83C-2174F32360CD}.Release|Any CPU.ActiveCfg = Release|Any CPU
		{77F0DF21-94C8-4BE0-A83C-2174F32360CD}.Release|Any CPU.Build.0 = Release|Any CPU
		{FEF5D486-5AD9-4FBB-9C28-BE257C6156DF}.Debug|Any CPU.ActiveCfg = Debug|Any CPU
		{FEF5D486-5AD9-4FBB-9C28-BE257C6156DF}.Debug|Any CPU.Build.0 = Debug|Any CPU
		{FEF5D486-5AD9-4FBB-9C28-BE257C6156DF}.Release|Any CPU.ActiveCfg = Release|Any CPU
		{FEF5D486-5AD9-4FBB-9C28-BE257C6156DF}.Release|Any CPU.Build.0 = Release|Any CPU
	EndGlobalSection
	GlobalSection(SolutionProperties) = preSolution
		HideSolutionNode = FALSE
	EndGlobalSection
EndGlobal
